
Microsoft Visual Studio Solution File, Format Version 12.00
# Visual Studio 14
VisualStudioVersion = 14.0.24720.0
MinimumVisualStudioVersion = 10.0.40219.1
Project("{FAE04EC0-301F-11D3-BF4B-00C04F79EFBC}") = "EpamWordCounter", "EpamWordCounter\EpamWordCounter.csproj", "{655A2310-3764-4F4D-BE56-B2A90E5412FB}"
EndProject
Project("{FAE04EC0-301F-11D3-BF4B-00C04F79EFBC}") = "EpamWordCounterTest", "EpamWordCounterTest\EpamWordCounterTest.csproj", "{5D1AD6FB-2933-4596-A621-FB9A4D317C23}"
EndProject
Global
	GlobalSection(SolutionConfigurationPlatforms) = preSolution
		Debug|Any CPU = Debug|Any CPU
		Release|Any CPU = Release|Any CPU
	EndGlobalSection
	GlobalSection(ProjectConfigurationPlatforms) = postSolution
		{655A2310-3764-4F4D-BE56-B2A90E5412FB}.Debug|Any CPU.ActiveCfg = Debug|Any CPU
		{655A2310-3764-4F4D-BE56-B2A90E5412FB}.Debug|Any CPU.Build.0 = Debug|Any CPU
		{655A2310-3764-4F4D-BE56-B2A90E5412FB}.Release|Any CPU.ActiveCfg = Release|Any CPU
		{655A2310-3764-4F4D-BE56-B2A90E5412FB}.Release|Any CPU.Build.0 = Release|Any CPU
		{5D1AD6FB-2933-4596-A621-FB9A4D317C23}.Debug|Any CPU.ActiveCfg = Debug|Any CPU
		{5D1AD6FB-2933-4596-A621-FB9A4D317C23}.Debug|Any CPU.Build.0 = Debug|Any CPU
		{5D1AD6FB-2933-4596-A621-FB9A4D317C23}.Release|Any CPU.ActiveCfg = Release|Any CPU
		{5D1AD6FB-2933-4596-A621-FB9A4D317C23}.Release|Any CPU.Build.0 = Release|Any CPU
	EndGlobalSection
	GlobalSection(SolutionProperties) = preSolution
		HideSolutionNode = FALSE
	EndGlobalSection
EndGlobal
